
Microsoft Visual Studio Solution File, Format Version 12.00
# Visual Studio Version 17
VisualStudioVersion = 17.7.34031.279
MinimumVisualStudioVersion = 10.0.40219.1
Project("{9A19103F-16F7-4668-BE54-9A1E7A4F7556}") = "TravelportAzureClassLibrary", "TravelportAzureClassLibrary.csproj", "{EADAF204-648F-41BE-9B85-E487AEA995D3}"
EndProject
Project("{9A19103F-16F7-4668-BE54-9A1E7A4F7556}") = "ConsoleAppAzureTables", "..\ConsoleAppAzureTables\ConsoleAppAzureTables.csproj", "{9FA7EDA9-6690-40E5-BCA7-C6A6DDC92368}"
EndProject
Global
	GlobalSection(SolutionConfigurationPlatforms) = preSolution
		Debug|Any CPU = Debug|Any CPU
		Release|Any CPU = Release|Any CPU
	EndGlobalSection
	GlobalSection(ProjectConfigurationPlatforms) = postSolution
		{EADAF204-648F-41BE-9B85-E487AEA995D3}.Debug|Any CPU.ActiveCfg = Debug|Any CPU
		{EADAF204-648F-41BE-9B85-E487AEA995D3}.Debug|Any CPU.Build.0 = Debug|Any CPU
		{EADAF204-648F-41BE-9B85-E487AEA995D3}.Release|Any CPU.ActiveCfg = Release|Any CPU
		{EADAF204-648F-41BE-9B85-E487AEA995D3}.Release|Any CPU.Build.0 = Release|Any CPU
		{9FA7EDA9-6690-40E5-BCA7-C6A6DDC92368}.Debug|Any CPU.ActiveCfg = Debug|Any CPU
		{9FA7EDA9-6690-40E5-BCA7-C6A6DDC92368}.Debug|Any CPU.Build.0 = Debug|Any CPU
		{9FA7EDA9-6690-40E5-BCA7-C6A6DDC92368}.Release|Any CPU.ActiveCfg = Release|Any CPU
		{9FA7EDA9-6690-40E5-BCA7-C6A6DDC92368}.Release|Any CPU.Build.0 = Release|Any CPU
	EndGlobalSection
	GlobalSection(SolutionProperties) = preSolution
		HideSolutionNode = FALSE
	EndGlobalSection
	GlobalSection(ExtensibilityGlobals) = postSolution
		SolutionGuid = {F1FF916D-D86E-49D5-9E7C-2EDFC1283735}
	EndGlobalSection
EndGlobal
